
Microsoft Visual Studio Solution File, Format Version 12.00
# Visual Studio Version 17
VisualStudioVersion = 17.6.33723.286
MinimumVisualStudioVersion = 10.0.40219.1
Project("{FAE04EC0-301F-11D3-BF4B-00C04F79EFBC}") = "InterfaceCliente", "InterfaceCliente\InterfaceCliente.csproj", "{6A5C978E-53F0-4105-911A-D552F7619D2D}"
EndProject
Project("{FAE04EC0-301F-11D3-BF4B-00C04F79EFBC}") = "Entidades", "Entidades\Entidades.csproj", "{70080578-6A45-4930-974C-B6567919622C}"
EndProject
Global
	GlobalSection(SolutionConfigurationPlatforms) = preSolution
		Debug|Any CPU = Debug|Any CPU
		Release|Any CPU = Release|Any CPU
	EndGlobalSection
	GlobalSection(ProjectConfigurationPlatforms) = postSolution
		{6A5C978E-53F0-4105-911A-D552F7619D2D}.Debug|Any CPU.ActiveCfg = Debug|Any CPU
		{6A5C978E-53F0-4105-911A-D552F7619D2D}.Debug|Any CPU.Build.0 = Debug|Any CPU
		{6A5C978E-53F0-4105-911A-D552F7619D2D}.Release|Any CPU.ActiveCfg = Release|Any CPU
		{6A5C978E-53F0-4105-911A-D552F7619D2D}.Release|Any CPU.Build.0 = Release|Any CPU
		{70080578-6A45-4930-974C-B6567919622C}.Debug|Any CPU.ActiveCfg = Debug|Any CPU
		{70080578-6A45-4930-974C-B6567919622C}.Debug|Any CPU.Build.0 = Debug|Any CPU
		{70080578-6A45-4930-974C-B6567919622C}.Release|Any CPU.ActiveCfg = Release|Any CPU
		{70080578-6A45-4930-974C-B6567919622C}.Release|Any CPU.Build.0 = Release|Any CPU
	EndGlobalSection
	GlobalSection(SolutionProperties) = preSolution
		HideSolutionNode = FALSE
	EndGlobalSection
	GlobalSection(ExtensibilityGlobals) = postSolution
		SolutionGuid = {0221967A-3F6F-4C5A-A3E7-A610B6DC2AAE}
	EndGlobalSection
EndGlobal
